
Microsoft Visual Studio Solution File, Format Version 12.00
# Visual Studio 15
VisualStudioVersion = 15.0.28307.329
MinimumVisualStudioVersion = 10.0.40219.1
Project("{FAE04EC0-301F-11D3-BF4B-00C04F79EFBC}") = "TaskManager.Data", "TaskManager.Data\TaskManager.Data.csproj", "{5208350E-37E1-4376-B030-FE58B857E2A4}"
EndProject
Project("{FAE04EC0-301F-11D3-BF4B-00C04F79EFBC}") = "TaskManager.Models", "TaskManager.Models\TaskManager.Models.csproj", "{0679E3EC-D11B-4AF0-9A52-5732C4DFF8B9}"
EndProject
Project("{FAE04EC0-301F-11D3-BF4B-00C04F79EFBC}") = "TaskManager.Business", "TaskManager.Business\TaskManager.Business.csproj", "{A8B45581-85F5-47B4-9C45-517CC5EECAA3}"
EndProject
Project("{FAE04EC0-301F-11D3-BF4B-00C04F79EFBC}") = "TaskManager.UI.WPF", "TaskManager.UI.WPF\TaskManager.UI.WPF.csproj", "{90EA5F42-ED9B-47C0-BB03-8A8B4CD0C07C}"
EndProject
Global
	GlobalSection(SolutionConfigurationPlatforms) = preSolution
		Debug|Any CPU = Debug|Any CPU
		Release|Any CPU = Release|Any CPU
	EndGlobalSection
	GlobalSection(ProjectConfigurationPlatforms) = postSolution
		{5208350E-37E1-4376-B030-FE58B857E2A4}.Debug|Any CPU.ActiveCfg = Debug|Any CPU
		{5208350E-37E1-4376-B030-FE58B857E2A4}.Debug|Any CPU.Build.0 = Debug|Any CPU
		{5208350E-37E1-4376-B030-FE58B857E2A4}.Release|Any CPU.ActiveCfg = Release|Any CPU
		{5208350E-37E1-4376-B030-FE58B857E2A4}.Release|Any CPU.Build.0 = Release|Any CPU
		{0679E3EC-D11B-4AF0-9A52-5732C4DFF8B9}.Debug|Any CPU.ActiveCfg = Debug|Any CPU
		{0679E3EC-D11B-4AF0-9A52-5732C4DFF8B9}.Debug|Any CPU.Build.0 = Debug|Any CPU
		{0679E3EC-D11B-4AF0-9A52-5732C4DFF8B9}.Release|Any CPU.ActiveCfg = Release|Any CPU
		{0679E3EC-D11B-4AF0-9A52-5732C4DFF8B9}.Release|Any CPU.Build.0 = Release|Any CPU
		{A8B45581-85F5-47B4-9C45-517CC5EECAA3}.Debug|Any CPU.ActiveCfg = Debug|Any CPU
		{A8B45581-85F5-47B4-9C45-517CC5EECAA3}.Debug|Any CPU.Build.0 = Debug|Any CPU
		{A8B45581-85F5-47B4-9C45-517CC5EECAA3}.Release|Any CPU.ActiveCfg = Release|Any CPU
		{A8B45581-85F5-47B4-9C45-517CC5EECAA3}.Release|Any CPU.Build.0 = Release|Any CPU
		{90EA5F42-ED9B-47C0-BB03-8A8B4CD0C07C}.Debug|Any CPU.ActiveCfg = Debug|Any CPU
		{90EA5F42-ED9B-47C0-BB03-8A8B4CD0C07C}.Debug|Any CPU.Build.0 = Debug|Any CPU
		{90EA5F42-ED9B-47C0-BB03-8A8B4CD0C07C}.Release|Any CPU.ActiveCfg = Release|Any CPU
		{90EA5F42-ED9B-47C0-BB03-8A8B4CD0C07C}.Release|Any CPU.Build.0 = Release|Any CPU
	EndGlobalSection
	GlobalSection(SolutionProperties) = preSolution
		HideSolutionNode = FALSE
	EndGlobalSection
	GlobalSection(ExtensibilityGlobals) = postSolution
		SolutionGuid = {2C6392FE-D206-440D-9808-95194706F894}
	EndGlobalSection
EndGlobal
